// !UTF8*0
{
	archiveVersion = 1;
	classes = {
	};
	objectVersion = 56;
	objects = {

/* Begin PBXBuildFile section */
		/* Swift sources */
		FFEX0001 /* App.swift in Sources */ = {isa = PBXBuildFile; fileRef = FFEX1001; };
		FFEX0002 /* Localization.swift in Sources */ = {isa = PBXBuildFile; fileRef = FFEX1002; };
		FFEX0003 /* LicenseService.swift in Sources */ = {isa = PBXBuildFile; fileRef = FFEX1003; };
		FFEX0004 /* FFCheatService.swift in Sources */ = {isa = PBXBuildFile; fileRef = FFEX1004; };
		FFEX0005 /* KernelExploit.swift in Sources */ = {isa = PBXBuildFile; fileRef = FFEX1005; };
		FFEX0006 /* ContainerStore.swift in Sources */ = {isa = PBXBuildFile; fileRef = FFEX1006; };
		FFEX0007 /* FileManagerService.swift in Sources */ = {isa = PBXBuildFile; fileRef = FFEX1007; };
		FFEX0008 /* FileReplacementService.swift in Sources */ = {isa = PBXBuildFile; fileRef = FFEX1008; };
		FFEX0009 /* SBX.swift in Sources */ = {isa = PBXBuildFile; fileRef = FFEX1009; };
		FFEX0010 /* MG.swift in Sources */ = {isa = PBXBuildFile; fileRef = FFEX1010; };
		FFEX0011 /* Utils.swift in Sources */ = {isa = PBXBuildFile; fileRef = FFEX1011; };
		FFEX0012 /* SupportPolicy.swift in Sources */ = {isa = PBXBuildFile; fileRef = FFEX1012; };
		FFEX0013 /* ContainerBrowserLogic.swift in Sources */ = {isa = PBXBuildFile; fileRef = FFEX1013; };
		FFEX0014 /* ContainerIdentityResolver.swift in Sources */ = {isa = PBXBuildFile; fileRef = FFEX1014; };
		FFEX0015 /* DisplayIdentityAttribution.swift in Sources */ = {isa = PBXBuildFile; fileRef = FFEX1015; };
		/* Views */
		FFEX0020 /* LanguagePickerView.swift in Sources */ = {isa = PBXBuildFile; fileRef = FFEX1020; };
		FFEX0021 /* LoginView.swift in Sources */ = {isa = PBXBuildFile; fileRef = FFEX1021; };
		FFEX0022 /* MainView.swift in Sources */ = {isa = PBXBuildFile; fileRef = FFEX1022; };
		FFEX0023 /* GameMenuView.swift in Sources */ = {isa = PBXBuildFile; fileRef = FFEX1023; };
		FFEX0024 /* InjectTerminalView.swift in Sources */ = {isa = PBXBuildFile; fileRef = FFEX1024; };
		/* ObjC / C */
		FFEX0030 /* AntiDetection.m in Sources */ = {isa = PBXBuildFile; fileRef = FFEX1030; };
		FFEX0031 /* DisplayIdentity.m in Sources */ = {isa = PBXBuildFile; fileRef = FFEX1031; };
		FFEX0032 /* AppIconHelper.m in Sources */ = {isa = PBXBuildFile; fileRef = FFEX1032; };
		/* kexploit */
		FFEX0040 /* kexploit_opa334.m in Sources */ = {isa = PBXBuildFile; fileRef = FFEX1040; };
		FFEX0041 /* offsets.m in Sources */ = {isa = PBXBuildFile; fileRef = FFEX1041; };
		FFEX0042 /* krw.m in Sources */ = {isa = PBXBuildFile; fileRef = FFEX1042; };
		FFEX0043 /* kutils.m in Sources */ = {isa = PBXBuildFile; fileRef = FFEX1043; };
		FFEX0044 /* vnode.m in Sources */ = {isa = PBXBuildFile; fileRef = FFEX1044; };
		FFEX0045 /* sandbox_escape.m in Sources */ = {isa = PBXBuildFile; fileRef = FFEX1045; };
		/* exploit */
		FFEX0050 /* bad_query.c in Sources */ = {isa = PBXBuildFile; fileRef = FFEX1050; };
		FFEX0051 /* mcm_bridge.m in Sources */ = {isa = PBXBuildFile; fileRef = FFEX1051; };
		/* Resources */
		FFEX0060 /* Assets.xcassets in Resources */ = {isa = PBXBuildFile; fileRef = FFEX1060; };
/* End PBXBuildFile section */

/* Begin PBXFileReference section */
		FFEX2000 /* FFExternal.app */ = {isa = PBXFileReference; explicitFileType = wrapper.application; includeInIndex = 0; path = FFExternal.app; sourceTree = BUILT_PRODUCTS_DIR; };
		FFEX1001 /* App.swift */ = {isa = PBXFileReference; lastKnownFileType = sourcecode.swift; path = App.swift; sourceTree = "<group>"; };
		FFEX1002 /* Localization.swift */ = {isa = PBXFileReference; lastKnownFileType = sourcecode.swift; path = Localization.swift; sourceTree = "<group>"; };
		FFEX1003 /* LicenseService.swift */ = {isa = PBXFileReference; lastKnownFileType = sourcecode.swift; path = LicenseService.swift; sourceTree = "<group>"; };
		FFEX1004 /* FFCheatService.swift */ = {isa = PBXFileReference; lastKnownFileType = sourcecode.swift; path = FFCheatService.swift; sourceTree = "<group>"; };
		FFEX1005 /* KernelExploit.swift */ = {isa = PBXFileReference; lastKnownFileType = sourcecode.swift; path = KernelExploit.swift; sourceTree = "<group>"; };
		FFEX1006 /* ContainerStore.swift */ = {isa = PBXFileReference; lastKnownFileType = sourcecode.swift; path = ContainerStore.swift; sourceTree = "<group>"; };
		FFEX1007 /* FileManagerService.swift */ = {isa = PBXFileReference; lastKnownFileType = sourcecode.swift; path = FileManagerService.swift; sourceTree = "<group>"; };
		FFEX1008 /* FileReplacementService.swift */ = {isa = PBXFileReference; lastKnownFileType = sourcecode.swift; path = FileReplacementService.swift; sourceTree = "<group>"; };
		FFEX1009 /* SBX.swift */ = {isa = PBXFileReference; lastKnownFileType = sourcecode.swift; path = SBX.swift; sourceTree = "<group>"; };
		FFEX1010 /* MG.swift */ = {isa = PBXFileReference; lastKnownFileType = sourcecode.swift; path = MG.swift; sourceTree = "<group>"; };
		FFEX1011 /* Utils.swift */ = {isa = PBXFileReference; lastKnownFileType = sourcecode.swift; path = Utils.swift; sourceTree = "<group>"; };
		FFEX1012 /* SupportPolicy.swift */ = {isa = PBXFileReference; lastKnownFileType = sourcecode.swift; path = SupportPolicy.swift; sourceTree = "<group>"; };
		FFEX1013 /* ContainerBrowserLogic.swift */ = {isa = PBXFileReference; lastKnownFileType = sourcecode.swift; path = ContainerBrowserLogic.swift; sourceTree = "<group>"; };
		FFEX1014 /* ContainerIdentityResolver.swift */ = {isa = PBXFileReference; lastKnownFileType = sourcecode.swift; path = ContainerIdentityResolver.swift; sourceTree = "<group>"; };
		FFEX1015 /* DisplayIdentityAttribution.swift */ = {isa = PBXFileReference; lastKnownFileType = sourcecode.swift; path = DisplayIdentityAttribution.swift; sourceTree = "<group>"; };
		FFEX1020 /* LanguagePickerView.swift */ = {isa = PBXFileReference; lastKnownFileType = sourcecode.swift; path = LanguagePickerView.swift; sourceTree = "<group>"; };
		FFEX1021 /* LoginView.swift */ = {isa = PBXFileReference; lastKnownFileType = sourcecode.swift; path = LoginView.swift; sourceTree = "<group>"; };
		FFEX1022 /* MainView.swift */ = {isa = PBXFileReference; lastKnownFileType = sourcecode.swift; path = MainView.swift; sourceTree = "<group>"; };
		FFEX1023 /* GameMenuView.swift */ = {isa = PBXFileReference; lastKnownFileType = sourcecode.swift; path = GameMenuView.swift; sourceTree = "<group>"; };
		FFEX1024 /* InjectTerminalView.swift */ = {isa = PBXFileReference; lastKnownFileType = sourcecode.swift; path = InjectTerminalView.swift; sourceTree = "<group>"; };
		FFEX1030 /* AntiDetection.m */ = {isa = PBXFileReference; lastKnownFileType = sourcecode.c.objc; path = AntiDetection.m; sourceTree = "<group>"; };
		FFEX1031 /* DisplayIdentity.m */ = {isa = PBXFileReference; lastKnownFileType = sourcecode.c.objc; path = DisplayIdentity.m; sourceTree = "<group>"; };
		FFEX1031H /* DisplayIdentity.h */ = {isa = PBXFileReference; lastKnownFileType = sourcecode.c.h; path = DisplayIdentity.h; sourceTree = "<group>"; };
		FFEX1032 /* AppIconHelper.m */ = {isa = PBXFileReference; lastKnownFileType = sourcecode.c.objc; path = AppIconHelper.m; sourceTree = "<group>"; };
		FFEX1032H /* AppIconHelper.h */ = {isa = PBXFileReference; lastKnownFileType = sourcecode.c.h; path = AppIconHelper.h; sourceTree = "<group>"; };
		FFEX1040 /* kexploit_opa334.m */ = {isa = PBXFileReference; lastKnownFileType = sourcecode.c.objc; path = kexploit_opa334.m; sourceTree = "<group>"; };
		FFEX1040H /* kexploit_opa334.h */ = {isa = PBXFileReference; lastKnownFileType = sourcecode.c.h; path = kexploit_opa334.h; sourceTree = "<group>"; };
		FFEX1041 /* offsets.m */ = {isa = PBXFileReference; lastKnownFileType = sourcecode.c.objc; path = offsets.m; sourceTree = "<group>"; };
		FFEX1041H /* offsets.h */ = {isa = PBXFileReference; lastKnownFileType = sourcecode.c.h; path = offsets.h; sourceTree = "<group>"; };
		FFEX1042 /* krw.m */ = {isa = PBXFileReference; lastKnownFileType = sourcecode.c.objc; path = krw.m; sourceTree = "<group>"; };
		FFEX1042H /* krw.h */ = {isa = PBXFileReference; lastKnownFileType = sourcecode.c.h; path = krw.h; sourceTree = "<group>"; };
		FFEX1043 /* kutils.m */ = {isa = PBXFileReference; lastKnownFileType = sourcecode.c.objc; path = kutils.m; sourceTree = "<group>"; };
		FFEX1043H /* kutils.h */ = {isa = PBXFileReference; lastKnownFileType = sourcecode.c.h; path = kutils.h; sourceTree = "<group>"; };
		FFEX1044 /* vnode.m */ = {isa = PBXFileReference; lastKnownFileType = sourcecode.c.objc; path = vnode.m; sourceTree = "<group>"; };
		FFEX1044H /* vnode.h */ = {isa = PBXFileReference; lastKnownFileType = sourcecode.c.h; path = vnode.h; sourceTree = "<group>"; };
		FFEX1045 /* sandbox_escape.m */ = {isa = PBXFileReference; lastKnownFileType = sourcecode.c.objc; path = sandbox_escape.m; sourceTree = "<group>"; };
		FFEX1045H /* sandbox_escape.h */ = {isa = PBXFileReference; lastKnownFileType = sourcecode.c.h; path = sandbox_escape.h; sourceTree = "<group>"; };
		FFEX1046H /* machine_info.h */ = {isa = PBXFileReference; lastKnownFileType = sourcecode.c.h; path = machine_info.h; sourceTree = "<group>"; };
		FFEX1046X /* xpaci.h */ = {isa = PBXFileReference; lastKnownFileType = sourcecode.c.h; path = xpaci.h; sourceTree = "<group>"; };
		FFEX1050 /* bad_query.c */ = {isa = PBXFileReference; lastKnownFileType = sourcecode.c.c; path = bad_query.c; sourceTree = "<group>"; };
		FFEX1050H /* bad_query.h */ = {isa = PBXFileReference; lastKnownFileType = sourcecode.c.h; path = bad_query.h; sourceTree = "<group>"; };
		FFEX1051 /* mcm_bridge.m */ = {isa = PBXFileReference; lastKnownFileType = sourcecode.c.objc; path = mcm_bridge.m; sourceTree = "<group>"; };
		FFEX1051H /* mcm_bridge.h */ = {isa = PBXFileReference; lastKnownFileType = sourcecode.c.h; path = mcm_bridge.h; sourceTree = "<group>"; };
		FFEX1052 /* wallpaper_zip.c */ = {isa = PBXFileReference; lastKnownFileType = sourcecode.c.c; path = wallpaper_zip.c; sourceTree = "<group>"; };
		FFEX1052H /* wallpaper_zip.h */ = {isa = PBXFileReference; lastKnownFileType = sourcecode.c.h; path = wallpaper_zip.h; sourceTree = "<group>"; };
		FFEX1060 /* Assets.xcassets */ = {isa = PBXFileReference; lastKnownFileType = folder.assetcatalog; path = Assets.xcassets; sourceTree = "<group>"; };
		FFEX1070 /* Info.plist */ = {isa = PBXFileReference; lastKnownFileType = text.plist.xml; path = Info.plist; sourceTree = "<group>"; };
		FFEX1080 /* FFExternal-Bridging-Header.h */ = {isa = PBXFileReference; lastKnownFileType = sourcecode.c.h; path = "FFExternal-Bridging-Header.h"; sourceTree = "<group>"; };
/* End PBXFileReference section */

/* Begin PBXFrameworksBuildPhase section */
		FFEXFR01 /* Frameworks */ = {
			isa = PBXFrameworksBuildPhase;
			buildActionMask = 2147483647;
			files = ();
			runOnlyForDeploymentPostprocessing = 0;
		};
/* End PBXFrameworksBuildPhase section */

/* Begin PBXGroup section */
		FFEXMAIN /* = */ = {
			isa = PBXGroup;
			children = (
				FFEXGRP1 /* FFExternal */,
				FFEXPROD /* Products */,
			);
			sourceTree = "<group>";
		};
		FFEXPROD /* Products */ = {
			isa = PBXGroup;
			children = (
				FFEX2000 /* FFExternal.app */,
			);
			name = Products;
			sourceTree = "<group>";
		};
		FFEXGRP1 /* FFExternal */ = {
			isa = PBXGroup;
			children = (
				FFEX1001 /* App.swift */,
				FFEX1070 /* Info.plist */,
				FFEX1080 /* FFExternal-Bridging-Header.h */,
				FFEX1060 /* Assets.xcassets */,
				FFEXGRP2 /* helpers */,
				FFEXGRP3 /* Views */,
				FFEXGRP4 /* kexploit */,
				FFEXGRP5 /* exploit */,
			);
			path = FFExternal;
			sourceTree = "<group>";
		};
		FFEXGRP2 /* helpers */ = {
			isa = PBXGroup;
			children = (
				FFEX1002 /* Localization.swift */,
				FFEX1003 /* LicenseService.swift */,
				FFEX1004 /* FFCheatService.swift */,
				FFEX1005 /* KernelExploit.swift */,
				FFEX1006 /* ContainerStore.swift */,
				FFEX1007 /* FileManagerService.swift */,
				FFEX1008 /* FileReplacementService.swift */,
				FFEX1009 /* SBX.swift */,
				FFEX1010 /* MG.swift */,
				FFEX1011 /* Utils.swift */,
				FFEX1012 /* SupportPolicy.swift */,
				FFEX1013 /* ContainerBrowserLogic.swift */,
				FFEX1014 /* ContainerIdentityResolver.swift */,
				FFEX1015 /* DisplayIdentityAttribution.swift */,
				FFEX1030 /* AntiDetection.m */,
				FFEX1031 /* DisplayIdentity.m */,
				FFEX1031H /* DisplayIdentity.h */,
				FFEX1032 /* AppIconHelper.m */,
				FFEX1032H /* AppIconHelper.h */,
			);
			path = helpers;
			sourceTree = "<group>";
		};
		FFEXGRP3 /* Views */ = {
			isa = PBXGroup;
			children = (
				FFEX1020 /* LanguagePickerView.swift */,
				FFEX1021 /* LoginView.swift */,
				FFEX1022 /* MainView.swift */,
				FFEX1023 /* GameMenuView.swift */,
				FFEX1024 /* InjectTerminalView.swift */,
			);
			path = Views;
			sourceTree = "<group>";
		};
		FFEXGRP4 /* kexploit */ = {
			isa = PBXGroup;
			children = (
				FFEX1040 /* kexploit_opa334.m */,
				FFEX1040H /* kexploit_opa334.h */,
				FFEX1041 /* offsets.m */,
				FFEX1041H /* offsets.h */,
				FFEX1042 /* krw.m */,
				FFEX1042H /* krw.h */,
				FFEX1043 /* kutils.m */,
				FFEX1043H /* kutils.h */,
				FFEX1044 /* vnode.m */,
				FFEX1044H /* vnode.h */,
				FFEX1045 /* sandbox_escape.m */,
				FFEX1045H /* sandbox_escape.h */,
				FFEX1046H /* machine_info.h */,
				FFEX1046X /* xpaci.h */,
			);
			path = kexploit;
			sourceTree = "<group>";
		};
		FFEXGRP5 /* exploit */ = {
			isa = PBXGroup;
			children = (
				FFEX1050 /* bad_query.c */,
				FFEX1050H /* bad_query.h */,
				FFEX1051 /* mcm_bridge.m */,
				FFEX1051H /* mcm_bridge.h */,
				FFEX1052 /* wallpaper_zip.c */,
				FFEX1052H /* wallpaper_zip.h */,
			);
			path = exploit;
			sourceTree = "<group>";
		};
/* End PBXGroup section */

/* Begin PBXNativeTarget section */
		FFEXTARGET /* FFExternal */ = {
			isa = PBXNativeTarget;
			buildConfigurationList = FFEXBCL1 /* Build configuration list for PBXNativeTarget */;
			buildPhases = (
				FFEXSRC1 /* Sources */,
				FFEXFR01 /* Frameworks */,
				FFEXRES1 /* Resources */,
			);
			buildRules = ();
			dependencies = ();
			name = FFExternal;
			productName = FFExternal;
			productReference = FFEX2000 /* FFExternal.app */;
			productType = "com.apple.product-type.application";
		};
/* End PBXNativeTarget section */

/* Begin PBXProject section */
		FFEXPROJ /* Project object */ = {
			isa = PBXProject;
			attributes = {
				LastUpgradeCheck = 1500;
				TargetAttributes = {
					FFEXTARGET = {
						CreatedOnToolsVersion = 15.0;
					};
				};
			};
			buildConfigurationList = FFEXBCL0 /* Build configuration list for PBXProject */;
			compatibilityVersion = "Xcode 14.0";
			developmentRegion = en;
			hasScannedForEncodings = 0;
			knownRegions = (
				en,
				Base,
			);
			mainGroup = FFEXMAIN;
			productRefGroup = FFEXPROD /* Products */;
			projectDirPath = "";
			projectRoot = "";
			targets = (
				FFEXTARGET /* FFExternal */,
			);
		};
/* End PBXProject section */

/* Begin PBXResourcesBuildPhase section */
		FFEXRES1 /* Resources */ = {
			isa = PBXResourcesBuildPhase;
			buildActionMask = 2147483647;
			files = (
				FFEX0060 /* Assets.xcassets in Resources */,
			);
			runOnlyForDeploymentPostprocessing = 0;
		};
/* End PBXResourcesBuildPhase section */

/* Begin PBXSourcesBuildPhase section */
		FFEXSRC1 /* Sources */ = {
			isa = PBXSourcesBuildPhase;
			buildActionMask = 2147483647;
			files = (
				FFEX0001 /* App.swift in Sources */,
				FFEX0002 /* Localization.swift in Sources */,
				FFEX0003 /* LicenseService.swift in Sources */,
				FFEX0004 /* FFCheatService.swift in Sources */,
				FFEX0005 /* KernelExploit.swift in Sources */,
				FFEX0006 /* ContainerStore.swift in Sources */,
				FFEX0007 /* FileManagerService.swift in Sources */,
				FFEX0008 /* FileReplacementService.swift in Sources */,
				FFEX0009 /* SBX.swift in Sources */,
				FFEX0010 /* MG.swift in Sources */,
				FFEX0011 /* Utils.swift in Sources */,
				FFEX0012 /* SupportPolicy.swift in Sources */,
				FFEX0013 /* ContainerBrowserLogic.swift in Sources */,
				FFEX0014 /* ContainerIdentityResolver.swift in Sources */,
				FFEX0015 /* DisplayIdentityAttribution.swift in Sources */,
				FFEX0020 /* LanguagePickerView.swift in Sources */,
				FFEX0021 /* LoginView.swift in Sources */,
				FFEX0022 /* MainView.swift in Sources */,
				FFEX0023 /* GameMenuView.swift in Sources */,
				FFEX0024 /* InjectTerminalView.swift in Sources */,
				FFEX0030 /* AntiDetection.m in Sources */,
				FFEX0031 /* DisplayIdentity.m in Sources */,
				FFEX0032 /* AppIconHelper.m in Sources */,
				FFEX0040 /* kexploit_opa334.m in Sources */,
				FFEX0041 /* offsets.m in Sources */,
				FFEX0042 /* krw.m in Sources */,
				FFEX0043 /* kutils.m in Sources */,
				FFEX0044 /* vnode.m in Sources */,
				FFEX0045 /* sandbox_escape.m in Sources */,
				FFEX0050 /* bad_query.c in Sources */,
				FFEX0051 /* mcm_bridge.m in Sources */,
			);
			runOnlyForDeploymentPostprocessing = 0;
		};
/* End PBXSourcesBuildPhase section */

/* Begin XCBuildConfiguration section */
		FFEXCFG0D /* Debug */ = {
			isa = XCBuildConfiguration;
			buildSettings = {
				ALWAYS_SEARCH_USER_PATHS = NO;
				CLANG_ANALYZER_NONNULL = YES;
				CLANG_ANALYZER_NUMBER_OBJECT_CONVERSION = YES_AGGRESSIVE;
				CLANG_CXX_LANGUAGE_STANDARD = "gnu++20";
				CLANG_ENABLE_MODULES = YES;
				CLANG_ENABLE_OBJC_ARC = YES;
				CLANG_ENABLE_OBJC_WEAK = YES;
				CLANG_WARN_BLOCK_CAPTURE_AUTORELEASING = YES;
				CLANG_WARN_BOOL_CONVERSION = YES;
				CLANG_WARN_COMMA = YES;
				CLANG_WARN_CONSTANT_CONVERSION = YES;
				CLANG_WARN_DEPRECATED_OBJC_IMPLEMENTATIONS = YES;
				CLANG_WARN_DIRECT_OBJC_ISA_USAGE = YES_ERROR;
				CLANG_WARN_DOCUMENTATION_COMMENTS = YES;
				CLANG_WARN_EMPTY_BODY = YES;
				CLANG_WARN_ENUM_CONVERSION = YES;
				CLANG_WARN_INFINITE_RECURSION = YES;
				CLANG_WARN_INT_CONVERSION = YES;
				CLANG_WARN_NON_LITERAL_NULL_CONVERSION = YES;
				CLANG_WARN_OBJC_IMPLICIT_RETAIN_CYCLE = YES;
				CLANG_WARN_OBJC_LITERAL_CONVERSION = YES;
				CLANG_WARN_OBJC_ROOT_CLASS = YES_ERROR;
				CLANG_WARN_QUOTED_INCLUDE_IN_FRAMEWORK_HEADER = YES;
				CLANG_WARN_RANGE_LOOP_ANALYSIS = YES;
				CLANG_WARN_STRICT_PROTOTYPES = YES;
				CLANG_WARN_SUSPICIOUS_MOVE = YES;
				CLANG_WARN_UNGUARDED_AVAILABILITY = YES_AGGRESSIVE;
				CLANG_WARN_UNREACHABLE_CODE = YES;
				CLANG_WARN__DUPLICATE_METHOD_MATCH = YES;
				COPY_PHASE_STRIP = NO;
				DEBUG_INFORMATION_FORMAT = dwarf;
				ENABLE_STRICT_OBJC_MSGSEND = YES;
				ENABLE_TESTABILITY = YES;
				GCC_C_LANGUAGE_STANDARD = gnu11;
				GCC_DYNAMIC_NO_PIC = NO;
				GCC_NO_COMMON_BLOCKS = YES;
				GCC_OPTIMIZATION_LEVEL = 0;
				GCC_PREPROCESSOR_DEFINITIONS = (
					"DEBUG=1",
					"$(inherited)",
				);
				GCC_WARN_64_TO_32_BIT_CONVERSION = YES;
				GCC_WARN_ABOUT_RETURN_TYPE = YES_ERROR;
				GCC_WARN_UNDECLARED_SELECTOR = YES;
				GCC_WARN_UNINITIALIZED_AUTOS = YES_AGGRESSIVE;
				GCC_WARN_UNUSED_FUNCTION = YES;
				GCC_WARN_UNUSED_VARIABLE = YES;
				IPHONEOS_DEPLOYMENT_TARGET = 16.0;
				MTL_ENABLE_DEBUG_INFO = INCLUDE_SOURCE;
				MTL_FAST_MATH = YES;
				ONLY_ACTIVE_ARCH = YES;
				SDKROOT = iphoneos;
				SWIFT_ACTIVE_COMPILATION_CONDITIONS = DEBUG;
				SWIFT_OPTIMIZATION_LEVEL = "-Onone";
			};
			name = Debug;
		};
		FFEXCFG0R /* Release */ = {
			isa = XCBuildConfiguration;
			buildSettings = {
				ALWAYS_SEARCH_USER_PATHS = NO;
				CLANG_ANALYZER_NONNULL = YES;
				CLANG_ANALYZER_NUMBER_OBJECT_CONVERSION = YES_AGGRESSIVE;
				CLANG_CXX_LANGUAGE_STANDARD = "gnu++20";
				CLANG_ENABLE_MODULES = YES;
				CLANG_ENABLE_OBJC_ARC = YES;
				CLANG_ENABLE_OBJC_WEAK = YES;
				CLANG_WARN_BLOCK_CAPTURE_AUTORELEASING = YES;
				CLANG_WARN_BOOL_CONVERSION = YES;
				CLANG_WARN_COMMA = YES;
				CLANG_WARN_CONSTANT_CONVERSION = YES;
				CLANG_WARN_DEPRECATED_OBJC_IMPLEMENTATIONS = YES;
				CLANG_WARN_DIRECT_OBJC_ISA_USAGE = YES_ERROR;
				CLANG_WARN_DOCUMENTATION_COMMENTS = YES;
				CLANG_WARN_EMPTY_BODY = YES;
				CLANG_WARN_ENUM_CONVERSION = YES;
				CLANG_WARN_INFINITE_RECURSION = YES;
				CLANG_WARN_INT_CONVERSION = YES;
				CLANG_WARN_NON_LITERAL_NULL_CONVERSION = YES;
				CLANG_WARN_OBJC_IMPLICIT_RETAIN_CYCLE = YES;
				CLANG_WARN_OBJC_LITERAL_CONVERSION = YES;
				CLANG_WARN_OBJC_ROOT_CLASS = YES_ERROR;
				CLANG_WARN_QUOTED_INCLUDE_IN_FRAMEWORK_HEADER = YES;
				CLANG_WARN_RANGE_LOOP_ANALYSIS = YES;
				CLANG_WARN_STRICT_PROTOTYPES = YES;
				CLANG_WARN_SUSPICIOUS_MOVE = YES;
				CLANG_WARN_UNGUARDED_AVAILABILITY = YES_AGGRESSIVE;
				CLANG_WARN_UNREACHABLE_CODE = YES;
				CLANG_WARN__DUPLICATE_METHOD_MATCH = YES;
				COPY_PHASE_STRIP = NO;
				DEBUG_INFORMATION_FORMAT = "dwarf-with-dsym";
				ENABLE_NS_ASSERTIONS = NO;
				ENABLE_STRICT_OBJC_MSGSEND = YES;
				GCC_C_LANGUAGE_STANDARD = gnu11;
				GCC_NO_COMMON_BLOCKS = YES;
				GCC_WARN_64_TO_32_BIT_CONVERSION = YES;
				GCC_WARN_ABOUT_RETURN_TYPE = YES_ERROR;
				GCC_WARN_UNDECLARED_SELECTOR = YES;
				GCC_WARN_UNINITIALIZED_AUTOS = YES_AGGRESSIVE;
				GCC_WARN_UNUSED_FUNCTION = YES;
				GCC_WARN_UNUSED_VARIABLE = YES;
				IPHONEOS_DEPLOYMENT_TARGET = 16.0;
				MTL_ENABLE_DEBUG_INFO = NO;
				MTL_FAST_MATH = YES;
				SDKROOT = iphoneos;
				SWIFT_COMPILATION_MODE = wholemodule;
				SWIFT_OPTIMIZATION_LEVEL = "-O";
				VALIDATE_PRODUCT = YES;
			};
			name = Release;
		};
		FFEXCFG1D /* Debug */ = {
			isa = XCBuildConfiguration;
			buildSettings = {
				ASSETCATALOG_COMPILER_APPICON_NAME = AppIcon;
				ASSETCATALOG_COMPILER_GLOBAL_ACCENT_COLOR_NAME = AccentColor;
				CODE_SIGN_STYLE = Manual;
				CURRENT_PROJECT_VERSION = 1;
				DEVELOPMENT_TEAM = "";
				ENABLE_PREVIEWS = YES;
				GENERATE_INFOPLIST_FILE = NO;
				INFOPLIST_FILE = FFExternal/Info.plist;
				IPHONEOS_DEPLOYMENT_TARGET = 16.0;
				LD_RUNPATH_SEARCH_PATHS = (
					"$(inherited)",
					"@executable_path/Frameworks",
				);
				MARKETING_VERSION = 1.0.0;
				PRODUCT_BUNDLE_IDENTIFIER = "com.apple.mobile.MobileHouseArrest";
				PRODUCT_NAME = FFExternal;
				SWIFT_EMIT_LOC_STRINGS = YES;
				SWIFT_OBJC_BRIDGING_HEADER = "FFExternal/FFExternal-Bridging-Header.h";
				SWIFT_VERSION = 5.0;
				TARGETED_DEVICE_FAMILY = "1,2";
				PROVISIONING_PROFILE_SPECIFIER = "";
				CODE_SIGN_IDENTITY = "";
			};
			name = Debug;
		};
		FFEXCFG1R /* Release */ = {
			isa = XCBuildConfiguration;
			buildSettings = {
				ASSETCATALOG_COMPILER_APPICON_NAME = AppIcon;
				ASSETCATALOG_COMPILER_GLOBAL_ACCENT_COLOR_NAME = AccentColor;
				CODE_SIGN_STYLE = Manual;
				CURRENT_PROJECT_VERSION = 1;
				DEVELOPMENT_TEAM = "";
				ENABLE_PREVIEWS = YES;
				GENERATE_INFOPLIST_FILE = NO;
				INFOPLIST_FILE = FFExternal/Info.plist;
				IPHONEOS_DEPLOYMENT_TARGET = 16.0;
				LD_RUNPATH_SEARCH_PATHS = (
					"$(inherited)",
					"@executable_path/Frameworks",
				);
				MARKETING_VERSION = 1.0.0;
				PRODUCT_BUNDLE_IDENTIFIER = "com.apple.mobile.MobileHouseArrest";
				PRODUCT_NAME = FFExternal;
				SWIFT_EMIT_LOC_STRINGS = YES;
				SWIFT_OBJC_BRIDGING_HEADER = "FFExternal/FFExternal-Bridging-Header.h";
				SWIFT_VERSION = 5.0;
				TARGETED_DEVICE_FAMILY = "1,2";
				PROVISIONING_PROFILE_SPECIFIER = "";
				CODE_SIGN_IDENTITY = "";
			};
			name = Release;
		};
/* End XCBuildConfiguration section */

/* Begin XCConfigurationList section */
		FFEXBCL0 /* Build configuration list for PBXProject "FFExternal" */ = {
			isa = XCConfigurationList;
			buildConfigurations = (
				FFEXCFG0D /* Debug */,
				FFEXCFG0R /* Release */,
			);
			defaultConfigurationIsVisible = 0;
			defaultConfigurationName = Release;
		};
		FFEXBCL1 /* Build configuration list for PBXNativeTarget "FFExternal" */ = {
			isa = XCConfigurationList;
			buildConfigurations = (
				FFEXCFG1D /* Debug */,
				FFEXCFG1R /* Release */,
			);
			defaultConfigurationIsVisible = 0;
			defaultConfigurationName = Release;
		};
/* End XCConfigurationList section */
	};
	rootObject = FFEXPROJ /* Project object */;
}
